
Microsoft Visual Studio Solution File, Format Version 12.00
# Visual Studio Version 17
VisualStudioVersion = 17.0.31903.59
MinimumVisualStudioVersion = 10.0.40219.1
Project("{FAE04EC0-301F-11D3-BF4B-00C04F79EFBC}") = "Orback.Api", "Orback.Api\Orback.Api.csproj", "{5A2409CB-E4A2-4EA8-B205-BB2455709018}"
EndProject
Project("{FAE04EC0-301F-11D3-BF4B-00C04F79EFBC}") = "Orback.Application", "Orback.Application\Orback.Application.csproj", "{59DFE819-3B05-434F-B335-076D2AA88444}"
EndProject
Project("{FAE04EC0-301F-11D3-BF4B-00C04F79EFBC}") = "Orback.Infrastructure", "Orback.Infrastructure\Orback.Infrastructure.csproj", "{701A347C-847F-47E7-8D13-8B37C710CBAA}"
EndProject
Project("{FAE04EC0-301F-11D3-BF4B-00C04F79EFBC}") = "Orback.Domain", "Orback.Domain\Orback.Domain.csproj", "{167CEC12-AB67-4021-9202-FD7472478B2B}"
EndProject
Global
	GlobalSection(SolutionConfigurationPlatforms) = preSolution
		Debug|Any CPU = Debug|Any CPU
		Release|Any CPU = Release|Any CPU
	EndGlobalSection
	GlobalSection(SolutionProperties) = preSolution
		HideSolutionNode = FALSE
	EndGlobalSection
	GlobalSection(ProjectConfigurationPlatforms) = postSolution
		{5A2409CB-E4A2-4EA8-B205-BB2455709018}.Debug|Any CPU.ActiveCfg = Debug|Any CPU
		{5A2409CB-E4A2-4EA8-B205-BB2455709018}.Debug|Any CPU.Build.0 = Debug|Any CPU
		{5A2409CB-E4A2-4EA8-B205-BB2455709018}.Release|Any CPU.ActiveCfg = Release|Any CPU
		{5A2409CB-E4A2-4EA8-B205-BB2455709018}.Release|Any CPU.Build.0 = Release|Any CPU
		{59DFE819-3B05-434F-B335-076D2AA88444}.Debug|Any CPU.ActiveCfg = Debug|Any CPU
		{59DFE819-3B05-434F-B335-076D2AA88444}.Debug|Any CPU.Build.0 = Debug|Any CPU
		{59DFE819-3B05-434F-B335-076D2AA88444}.Release|Any CPU.ActiveCfg = Release|Any CPU
		{59DFE819-3B05-434F-B335-076D2AA88444}.Release|Any CPU.Build.0 = Release|Any CPU
		{701A347C-847F-47E7-8D13-8B37C710CBAA}.Debug|Any CPU.ActiveCfg = Debug|Any CPU
		{701A347C-847F-47E7-8D13-8B37C710CBAA}.Debug|Any CPU.Build.0 = Debug|Any CPU
		{701A347C-847F-47E7-8D13-8B37C710CBAA}.Release|Any CPU.ActiveCfg = Release|Any CPU
		{701A347C-847F-47E7-8D13-8B37C710CBAA}.Release|Any CPU.Build.0 = Release|Any CPU
		{167CEC12-AB67-4021-9202-FD7472478B2B}.Debug|Any CPU.ActiveCfg = Debug|Any CPU
		{167CEC12-AB67-4021-9202-FD7472478B2B}.Debug|Any CPU.Build.0 = Debug|Any CPU
		{167CEC12-AB67-4021-9202-FD7472478B2B}.Release|Any CPU.ActiveCfg = Release|Any CPU
		{167CEC12-AB67-4021-9202-FD7472478B2B}.Release|Any CPU.Build.0 = Release|Any CPU
	EndGlobalSection
EndGlobal
